
Microsoft Visual Studio Solution File, Format Version 12.00
# Visual Studio Version 16
VisualStudioVersion = 16.0.32106.194
MinimumVisualStudioVersion = 10.0.40219.1
Project("{9A19103F-16F7-4668-BE54-9A1E7A4F7556}") = "APP", "API\APP.csproj", "{4789C8A0-DE19-47D7-A649-C7F1D48A08B0}"
EndProject
Global
	GlobalSection(SolutionConfigurationPlatforms) = preSolution
		Debug|Any CPU = Debug|Any CPU
		Release|Any CPU = Release|Any CPU
	EndGlobalSection
	GlobalSection(ProjectConfigurationPlatforms) = postSolution
		{4789C8A0-DE19-47D7-A649-C7F1D48A08B0}.Debug|Any CPU.ActiveCfg = Debug|Any CPU
		{4789C8A0-DE19-47D7-A649-C7F1D48A08B0}.Debug|Any CPU.Build.0 = Debug|Any CPU
		{4789C8A0-DE19-47D7-A649-C7F1D48A08B0}.Release|Any CPU.ActiveCfg = Release|Any CPU
		{4789C8A0-DE19-47D7-A649-C7F1D48A08B0}.Release|Any CPU.Build.0 = Release|Any CPU
	EndGlobalSection
	GlobalSection(SolutionProperties) = preSolution
		HideSolutionNode = FALSE
	EndGlobalSection
	GlobalSection(ExtensibilityGlobals) = postSolution
		SolutionGuid = {C1120C0A-DA82-4F8A-A9BF-33AC7CE523E4}
	EndGlobalSection
EndGlobal
